<Solution>
  <Project Path="src/Wdem.Domain/Wdem.Domain.csproj" />
  <Project Path="src/Wdem.Application/Wdem.Application.csproj" />
  <Project Path="src/Wdem.Infrastructure/Wdem.Infrastructure.csproj" />
  <Project Path="src/Wdem.Bootstrapper/Wdem.Bootstrapper.csproj" />
  <Project Path="src/Wdem.Core/Wdem.Core.csproj" />
  <Project Path="src/Wdem.Windows/Wdem.Windows.csproj" />
  <Project Path="src/Wdem.Cli/Wdem.Cli.csproj" />
  <Project Path="src/Wdem.App/Wdem.App.csproj" />
  <Project Path="tests/Wdem.Core.Tests/Wdem.Core.Tests.csproj" />
  <Project Path="tests/Wdem.Domain.Tests/Wdem.Domain.Tests.csproj" />
  <Project Path="tests/Wdem.Infrastructure.Tests/Wdem.Infrastructure.Tests.csproj" />
  <Project Path="tests/Wdem.Windows.Tests/Wdem.Windows.Tests.csproj" />
  <Project Path="tests/Wdem.App.Tests/Wdem.App.Tests.csproj" />
  <Project Path="tests/Wdem.Application.Tests/Wdem.Application.Tests.csproj" />
  <Project Path="tests/Wdem.Architecture.Tests/Wdem.Architecture.Tests.csproj" />
  <Project Path="tests/Wdem.Bootstrapper.Tests/Wdem.Bootstrapper.Tests.csproj" />
</Solution>
