
Microsoft Visual Studio Solution File, Format Version 12.00
# Visual Studio Version 17
VisualStudioVersion = 17.5.2.0
MinimumVisualStudioVersion = 10.0.40219.1
Project("{FAE04EC0-301F-11D3-BF4B-00C04F79EFBC}") = "Wdem.LegacySource", "src\Wdem.LegacySource\Wdem.LegacySource.csproj", "{482D5F64-0510-418C-1ED8-0B91EC4725B4}"
EndProject
Project("{FAE04EC0-301F-11D3-BF4B-00C04F79EFBC}") = "Wdem.LegacySource.Tests", "tests\Wdem.LegacySource.Tests\Wdem.LegacySource.Tests.csproj", "{27C541F4-7BBF-45A6-ABE4-590A5656D143}"
EndProject
Project("{2150E333-8FDC-42A3-9474-1A3956D46DE8}") = "src", "src", "{827E0CD3-B72D-47B6-A68D-7590B98EB39B}"
EndProject
Project("{FAE04EC0-301F-11D3-BF4B-00C04F79EFBC}") = "Wdem.Core", "src\Wdem.Core\Wdem.Core.csproj", "{0CE4C7A1-BA49-4AAD-88CC-928FDA049B81}"
EndProject
Project("{2150E333-8FDC-42A3-9474-1A3956D46DE8}") = "tests", "tests", "{0AB3BF05-4346-4AA6-1389-037BE0695223}"
EndProject
Project("{FAE04EC0-301F-11D3-BF4B-00C04F79EFBC}") = "Wdem.Core.Tests", "tests\Wdem.Core.Tests\Wdem.Core.Tests.csproj", "{88FE3E69-860D-4F11-BCA9-6E1F6A1D11BB}"
EndProject
Project("{FAE04EC0-301F-11D3-BF4B-00C04F79EFBC}") = "Wdem.Windows", "src\Wdem.Windows\Wdem.Windows.csproj", "{75090AD3-0345-493D-A364-AF3A164C0D7F}"
EndProject
Project("{FAE04EC0-301F-11D3-BF4B-00C04F79EFBC}") = "Wdem.ElevatedHost", "src\Wdem.ElevatedHost\Wdem.ElevatedHost.csproj", "{D5E8D0D5-5AB4-43B5-A7E1-49E36E16BD33}"
EndProject
Project("{FAE04EC0-301F-11D3-BF4B-00C04F79EFBC}") = "Wdem.Cli", "src\Wdem.Cli\Wdem.Cli.csproj", "{A65D713F-F70E-426E-96F9-EA78C445DC4C}"
EndProject
Project("{FAE04EC0-301F-11D3-BF4B-00C04F79EFBC}") = "Wdem.Desktop", "src\Wdem.Desktop\Wdem.Desktop.csproj", "{5E27CA6F-686A-4883-8075-03036FEFA235}"
EndProject
Project("{FAE04EC0-301F-11D3-BF4B-00C04F79EFBC}") = "Wdem.Windows.Tests", "tests\Wdem.Windows.Tests\Wdem.Windows.Tests.csproj", "{436659F2-0EB8-448B-A1E9-441DA400ACF4}"
EndProject
Project("{FAE04EC0-301F-11D3-BF4B-00C04F79EFBC}") = "Wdem.Desktop.Tests", "tests\Wdem.Desktop.Tests\Wdem.Desktop.Tests.csproj", "{502F22A3-A510-40F4-AF1C-109B826A8AE2}"
EndProject
Global
	GlobalSection(SolutionConfigurationPlatforms) = preSolution
		Debug|Any CPU = Debug|Any CPU
		Debug|x64 = Debug|x64
		Debug|x86 = Debug|x86
		Release|Any CPU = Release|Any CPU
		Release|x64 = Release|x64
		Release|x86 = Release|x86
	EndGlobalSection
	GlobalSection(ProjectConfigurationPlatforms) = postSolution
		{482D5F64-0510-418C-1ED8-0B91EC4725B4}.Debug|Any CPU.ActiveCfg = Debug|Any CPU
		{482D5F64-0510-418C-1ED8-0B91EC4725B4}.Debug|Any CPU.Build.0 = Debug|Any CPU
		{482D5F64-0510-418C-1ED8-0B91EC4725B4}.Debug|x64.ActiveCfg = Debug|Any CPU
		{482D5F64-0510-418C-1ED8-0B91EC4725B4}.Debug|x64.Build.0 = Debug|Any CPU
		{482D5F64-0510-418C-1ED8-0B91EC4725B4}.Debug|x86.ActiveCfg = Debug|Any CPU
		{482D5F64-0510-418C-1ED8-0B91EC4725B4}.Debug|x86.Build.0 = Debug|Any CPU
		{482D5F64-0510-418C-1ED8-0B91EC4725B4}.Release|Any CPU.ActiveCfg = Release|Any CPU
		{482D5F64-0510-418C-1ED8-0B91EC4725B4}.Release|Any CPU.Build.0 = Release|Any CPU
		{482D5F64-0510-418C-1ED8-0B91EC4725B4}.Release|x64.ActiveCfg = Release|Any CPU
		{482D5F64-0510-418C-1ED8-0B91EC4725B4}.Release|x64.Build.0 = Release|Any CPU
		{482D5F64-0510-418C-1ED8-0B91EC4725B4}.Release|x86.ActiveCfg = Release|Any CPU
		{482D5F64-0510-418C-1ED8-0B91EC4725B4}.Release|x86.Build.0 = Release|Any CPU
		{27C541F4-7BBF-45A6-ABE4-590A5656D143}.Debug|Any CPU.ActiveCfg = Debug|Any CPU
		{27C541F4-7BBF-45A6-ABE4-590A5656D143}.Debug|Any CPU.Build.0 = Debug|Any CPU
		{27C541F4-7BBF-45A6-ABE4-590A5656D143}.Debug|x64.ActiveCfg = Debug|Any CPU
		{27C541F4-7BBF-45A6-ABE4-590A5656D143}.Debug|x64.Build.0 = Debug|Any CPU
		{27C541F4-7BBF-45A6-ABE4-590A5656D143}.Debug|x86.ActiveCfg = Debug|Any CPU
		{27C541F4-7BBF-45A6-ABE4-590A5656D143}.Debug|x86.Build.0 = Debug|Any CPU
		{27C541F4-7BBF-45A6-ABE4-590A5656D143}.Release|Any CPU.ActiveCfg = Release|Any CPU
		{27C541F4-7BBF-45A6-ABE4-590A5656D143}.Release|Any CPU.Build.0 = Release|Any CPU
		{27C541F4-7BBF-45A6-ABE4-590A5656D143}.Release|x64.ActiveCfg = Release|Any CPU
		{27C541F4-7BBF-45A6-ABE4-590A5656D143}.Release|x64.Build.0 = Release|Any CPU
		{27C541F4-7BBF-45A6-ABE4-590A5656D143}.Release|x86.ActiveCfg = Release|Any CPU
		{27C541F4-7BBF-45A6-ABE4-590A5656D143}.Release|x86.Build.0 = Release|Any CPU
		{0CE4C7A1-BA49-4AAD-88CC-928FDA049B81}.Debug|Any CPU.ActiveCfg = Debug|Any CPU
		{0CE4C7A1-BA49-4AAD-88CC-928FDA049B81}.Debug|Any CPU.Build.0 = Debug|Any CPU
		{0CE4C7A1-BA49-4AAD-88CC-928FDA049B81}.Debug|x64.ActiveCfg = Debug|Any CPU
		{0CE4C7A1-BA49-4AAD-88CC-928FDA049B81}.Debug|x64.Build.0 = Debug|Any CPU
		{0CE4C7A1-BA49-4AAD-88CC-928FDA049B81}.Debug|x86.ActiveCfg = Debug|Any CPU
		{0CE4C7A1-BA49-4AAD-88CC-928FDA049B81}.Debug|x86.Build.0 = Debug|Any CPU
		{0CE4C7A1-BA49-4AAD-88CC-928FDA049B81}.Release|Any CPU.ActiveCfg = Release|Any CPU
		{0CE4C7A1-BA49-4AAD-88CC-928FDA049B81}.Release|Any CPU.Build.0 = Release|Any CPU
		{0CE4C7A1-BA49-4AAD-88CC-928FDA049B81}.Release|x64.ActiveCfg = Release|Any CPU
		{0CE4C7A1-BA49-4AAD-88CC-928FDA049B81}.Release|x64.Build.0 = Release|Any CPU
		{0CE4C7A1-BA49-4AAD-88CC-928FDA049B81}.Release|x86.ActiveCfg = Release|Any CPU
		{0CE4C7A1-BA49-4AAD-88CC-928FDA049B81}.Release|x86.Build.0 = Release|Any CPU
		{88FE3E69-860D-4F11-BCA9-6E1F6A1D11BB}.Debug|Any CPU.ActiveCfg = Debug|Any CPU
		{88FE3E69-860D-4F11-BCA9-6E1F6A1D11BB}.Debug|Any CPU.Build.0 = Debug|Any CPU
		{88FE3E69-860D-4F11-BCA9-6E1F6A1D11BB}.Debug|x64.ActiveCfg = Debug|Any CPU
		{88FE3E69-860D-4F11-BCA9-6E1F6A1D11BB}.Debug|x64.Build.0 = Debug|Any CPU
		{88FE3E69-860D-4F11-BCA9-6E1F6A1D11BB}.Debug|x86.ActiveCfg = Debug|Any CPU
		{88FE3E69-860D-4F11-BCA9-6E1F6A1D11BB}.Debug|x86.Build.0 = Debug|Any CPU
		{88FE3E69-860D-4F11-BCA9-6E1F6A1D11BB}.Release|Any CPU.ActiveCfg = Release|Any CPU
		{88FE3E69-860D-4F11-BCA9-6E1F6A1D11BB}.Release|Any CPU.Build.0 = Release|Any CPU
		{88FE3E69-860D-4F11-BCA9-6E1F6A1D11BB}.Release|x64.ActiveCfg = Release|Any CPU
		{88FE3E69-860D-4F11-BCA9-6E1F6A1D11BB}.Release|x64.Build.0 = Release|Any CPU
		{88FE3E69-860D-4F11-BCA9-6E1F6A1D11BB}.Release|x86.ActiveCfg = Release|Any CPU
		{88FE3E69-860D-4F11-BCA9-6E1F6A1D11BB}.Release|x86.Build.0 = Release|Any CPU
		{75090AD3-0345-493D-A364-AF3A164C0D7F}.Debug|Any CPU.ActiveCfg = Debug|Any CPU
		{75090AD3-0345-493D-A364-AF3A164C0D7F}.Debug|Any CPU.Build.0 = Debug|Any CPU
		{75090AD3-0345-493D-A364-AF3A164C0D7F}.Debug|x64.ActiveCfg = Debug|Any CPU
		{75090AD3-0345-493D-A364-AF3A164C0D7F}.Debug|x64.Build.0 = Debug|Any CPU
		{75090AD3-0345-493D-A364-AF3A164C0D7F}.Debug|x86.ActiveCfg = Debug|Any CPU
		{75090AD3-0345-493D-A364-AF3A164C0D7F}.Debug|x86.Build.0 = Debug|Any CPU
		{75090AD3-0345-493D-A364-AF3A164C0D7F}.Release|Any CPU.ActiveCfg = Release|Any CPU
		{75090AD3-0345-493D-A364-AF3A164C0D7F}.Release|Any CPU.Build.0 = Release|Any CPU
		{75090AD3-0345-493D-A364-AF3A164C0D7F}.Release|x64.ActiveCfg = Release|Any CPU
		{75090AD3-0345-493D-A364-AF3A164C0D7F}.Release|x64.Build.0 = Release|Any CPU
		{75090AD3-0345-493D-A364-AF3A164C0D7F}.Release|x86.ActiveCfg = Release|Any CPU
		{75090AD3-0345-493D-A364-AF3A164C0D7F}.Release|x86.Build.0 = Release|Any CPU
		{D5E8D0D5-5AB4-43B5-A7E1-49E36E16BD33}.Debug|Any CPU.ActiveCfg = Debug|Any CPU
		{D5E8D0D5-5AB4-43B5-A7E1-49E36E16BD33}.Debug|Any CPU.Build.0 = Debug|Any CPU
		{D5E8D0D5-5AB4-43B5-A7E1-49E36E16BD33}.Debug|x64.ActiveCfg = Debug|Any CPU
		{D5E8D0D5-5AB4-43B5-A7E1-49E36E16BD33}.Debug|x64.Build.0 = Debug|Any CPU
		{D5E8D0D5-5AB4-43B5-A7E1-49E36E16BD33}.Debug|x86.ActiveCfg = Debug|Any CPU
		{D5E8D0D5-5AB4-43B5-A7E1-49E36E16BD33}.Debug|x86.Build.0 = Debug|Any CPU
		{D5E8D0D5-5AB4-43B5-A7E1-49E36E16BD33}.Release|Any CPU.ActiveCfg = Release|Any CPU
		{D5E8D0D5-5AB4-43B5-A7E1-49E36E16BD33}.Release|Any CPU.Build.0 = Release|Any CPU
		{D5E8D0D5-5AB4-43B5-A7E1-49E36E16BD33}.Release|x64.ActiveCfg = Release|Any CPU
		{D5E8D0D5-5AB4-43B5-A7E1-49E36E16BD33}.Release|x64.Build.0 = Release|Any CPU
		{D5E8D0D5-5AB4-43B5-A7E1-49E36E16BD33}.Release|x86.ActiveCfg = Release|Any CPU
		{D5E8D0D5-5AB4-43B5-A7E1-49E36E16BD33}.Release|x86.Build.0 = Release|Any CPU
		{A65D713F-F70E-426E-96F9-EA78C445DC4C}.Debug|Any CPU.ActiveCfg = Debug|Any CPU
		{A65D713F-F70E-426E-96F9-EA78C445DC4C}.Debug|Any CPU.Build.0 = Debug|Any CPU
		{A65D713F-F70E-426E-96F9-EA78C445DC4C}.Debug|x64.ActiveCfg = Debug|Any CPU
		{A65D713F-F70E-426E-96F9-EA78C445DC4C}.Debug|x64.Build.0 = Debug|Any CPU
		{A65D713F-F70E-426E-96F9-EA78C445DC4C}.Debug|x86.ActiveCfg = Debug|Any CPU
		{A65D713F-F70E-426E-96F9-EA78C445DC4C}.Debug|x86.Build.0 = Debug|Any CPU
		{A65D713F-F70E-426E-96F9-EA78C445DC4C}.Release|Any CPU.ActiveCfg = Release|Any CPU
		{A65D713F-F70E-426E-96F9-EA78C445DC4C}.Release|Any CPU.Build.0 = Release|Any CPU
		{A65D713F-F70E-426E-96F9-EA78C445DC4C}.Release|x64.ActiveCfg = Release|Any CPU
		{A65D713F-F70E-426E-96F9-EA78C445DC4C}.Release|x64.Build.0 = Release|Any CPU
		{A65D713F-F70E-426E-96F9-EA78C445DC4C}.Release|x86.ActiveCfg = Release|Any CPU
		{A65D713F-F70E-426E-96F9-EA78C445DC4C}.Release|x86.Build.0 = Release|Any CPU
		{5E27CA6F-686A-4883-8075-03036FEFA235}.Debug|Any CPU.ActiveCfg = Debug|Any CPU
		{5E27CA6F-686A-4883-8075-03036FEFA235}.Debug|Any CPU.Build.0 = Debug|Any CPU
		{5E27CA6F-686A-4883-8075-03036FEFA235}.Debug|x64.ActiveCfg = Debug|Any CPU
		{5E27CA6F-686A-4883-8075-03036FEFA235}.Debug|x64.Build.0 = Debug|Any CPU
		{5E27CA6F-686A-4883-8075-03036FEFA235}.Debug|x86.ActiveCfg = Debug|Any CPU
		{5E27CA6F-686A-4883-8075-03036FEFA235}.Debug|x86.Build.0 = Debug|Any CPU
		{5E27CA6F-686A-4883-8075-03036FEFA235}.Release|Any CPU.ActiveCfg = Release|Any CPU
		{5E27CA6F-686A-4883-8075-03036FEFA235}.Release|Any CPU.Build.0 = Release|Any CPU
		{5E27CA6F-686A-4883-8075-03036FEFA235}.Release|x64.ActiveCfg = Release|Any CPU
		{5E27CA6F-686A-4883-8075-03036FEFA235}.Release|x64.Build.0 = Release|Any CPU
		{5E27CA6F-686A-4883-8075-03036FEFA235}.Release|x86.ActiveCfg = Release|Any CPU
		{5E27CA6F-686A-4883-8075-03036FEFA235}.Release|x86.Build.0 = Release|Any CPU
		{436659F2-0EB8-448B-A1E9-441DA400ACF4}.Debug|Any CPU.ActiveCfg = Debug|Any CPU
		{436659F2-0EB8-448B-A1E9-441DA400ACF4}.Debug|Any CPU.Build.0 = Debug|Any CPU
		{436659F2-0EB8-448B-A1E9-441DA400ACF4}.Debug|x64.ActiveCfg = Debug|Any CPU
		{436659F2-0EB8-448B-A1E9-441DA400ACF4}.Debug|x64.Build.0 = Debug|Any CPU
		{436659F2-0EB8-448B-A1E9-441DA400ACF4}.Debug|x86.ActiveCfg = Debug|Any CPU
		{436659F2-0EB8-448B-A1E9-441DA400ACF4}.Debug|x86.Build.0 = Debug|Any CPU
		{436659F2-0EB8-448B-A1E9-441DA400ACF4}.Release|Any CPU.ActiveCfg = Release|Any CPU
		{436659F2-0EB8-448B-A1E9-441DA400ACF4}.Release|Any CPU.Build.0 = Release|Any CPU
		{436659F2-0EB8-448B-A1E9-441DA400ACF4}.Release|x64.ActiveCfg = Release|Any CPU
		{436659F2-0EB8-448B-A1E9-441DA400ACF4}.Release|x64.Build.0 = Release|Any CPU
		{436659F2-0EB8-448B-A1E9-441DA400ACF4}.Release|x86.ActiveCfg = Release|Any CPU
		{436659F2-0EB8-448B-A1E9-441DA400ACF4}.Release|x86.Build.0 = Release|Any CPU
		{502F22A3-A510-40F4-AF1C-109B826A8AE2}.Debug|Any CPU.ActiveCfg = Debug|Any CPU
		{502F22A3-A510-40F4-AF1C-109B826A8AE2}.Debug|Any CPU.Build.0 = Debug|Any CPU
		{502F22A3-A510-40F4-AF1C-109B826A8AE2}.Debug|x64.ActiveCfg = Debug|Any CPU
		{502F22A3-A510-40F4-AF1C-109B826A8AE2}.Debug|x64.Build.0 = Debug|Any CPU
		{502F22A3-A510-40F4-AF1C-109B826A8AE2}.Debug|x86.ActiveCfg = Debug|Any CPU
		{502F22A3-A510-40F4-AF1C-109B826A8AE2}.Debug|x86.Build.0 = Debug|Any CPU
		{502F22A3-A510-40F4-AF1C-109B826A8AE2}.Release|Any CPU.ActiveCfg = Release|Any CPU
		{502F22A3-A510-40F4-AF1C-109B826A8AE2}.Release|Any CPU.Build.0 = Release|Any CPU
		{502F22A3-A510-40F4-AF1C-109B826A8AE2}.Release|x64.ActiveCfg = Release|Any CPU
		{502F22A3-A510-40F4-AF1C-109B826A8AE2}.Release|x64.Build.0 = Release|Any CPU
		{502F22A3-A510-40F4-AF1C-109B826A8AE2}.Release|x86.ActiveCfg = Release|Any CPU
		{502F22A3-A510-40F4-AF1C-109B826A8AE2}.Release|x86.Build.0 = Release|Any CPU
	EndGlobalSection
	GlobalSection(SolutionProperties) = preSolution
		HideSolutionNode = FALSE
	EndGlobalSection
	GlobalSection(NestedProjects) = preSolution
		{0CE4C7A1-BA49-4AAD-88CC-928FDA049B81} = {827E0CD3-B72D-47B6-A68D-7590B98EB39B}
		{88FE3E69-860D-4F11-BCA9-6E1F6A1D11BB} = {0AB3BF05-4346-4AA6-1389-037BE0695223}
		{75090AD3-0345-493D-A364-AF3A164C0D7F} = {827E0CD3-B72D-47B6-A68D-7590B98EB39B}
		{D5E8D0D5-5AB4-43B5-A7E1-49E36E16BD33} = {827E0CD3-B72D-47B6-A68D-7590B98EB39B}
		{A65D713F-F70E-426E-96F9-EA78C445DC4C} = {827E0CD3-B72D-47B6-A68D-7590B98EB39B}
		{5E27CA6F-686A-4883-8075-03036FEFA235} = {827E0CD3-B72D-47B6-A68D-7590B98EB39B}
		{436659F2-0EB8-448B-A1E9-441DA400ACF4} = {0AB3BF05-4346-4AA6-1389-037BE0695223}
		{502F22A3-A510-40F4-AF1C-109B826A8AE2} = {0AB3BF05-4346-4AA6-1389-037BE0695223}
	EndGlobalSection
	GlobalSection(ExtensibilityGlobals) = postSolution
		SolutionGuid = {CB6C2E14-E236-475B-992E-4BBD8822BE6E}
	EndGlobalSection
EndGlobal
